{
    "name": "altshift-www",
    "version": "0.16",
    "lockfileVersion": 3,
    "requires": true,
    "packages": {
        "": {
            "name": "altshift-www",
            "version": "0.16",
            "dependencies": {
                "@altshiftab/http_service_utils_js": "^0.0.12",
                "@altshiftab/styles": "^0.0.16",
                "@altshiftab/web_components": "^0.0.82",
                "lit": "^3.3.3"
            }
        },
        "node_modules/@altshiftab/http_service_utils_js": {
            "version": "0.0.12",
            "resolved": "https://npm.pkg.github.com/download/@altshiftab/http_service_utils_js/0.0.12/10a4556e4e5be18a48e01e3769a38f3a08b36a08",
            "integrity": "sha512-3iQmFnYVnZCYT9uGrftDop+5doZ99UsR29Qy5hLNxOqJR545KNakthmAtp2X1Vec8Dp3FGwUrvM1ulUJS4B93A=="
        },
        "node_modules/@altshiftab/styles": {
            "version": "0.0.16",
            "resolved": "https://npm.pkg.github.com/download/@altshiftab/styles/0.0.16/8f40cd9527e965a6d7d4da8a8a15b0abf1be66d5",
            "integrity": "sha512-fph7987Ry4ReWHaSnTpa6kLoUtWEYqrq+u50WjYcyk3f0oR8dfDsHyJoNdBrVpTAziOGApTi2oX0pWxSJvUeMw=="
        },
        "node_modules/@altshiftab/web_components": {
            "version": "0.0.82",
            "resolved": "https://npm.pkg.github.com/download/@altshiftab/web_components/0.0.82/6956a43867c0ac038fb6ccbc908021615f0c05e4",
            "integrity": "sha512-0j0IHIqiryeplsVH2VUTv5R+arHoqCkI0EcugY8PtK7qy50CMivCGV2Wk5DZdt5XtXDJkyMd9igkzHyFalpFGw==",
            "dependencies": {
                "lit": "^3.3.3"
            }
        },
        "node_modules/@lit-labs/ssr-dom-shim": {
            "version": "1.6.0",
            "resolved": "https://registry.npmjs.org/@lit-labs/ssr-dom-shim/-/ssr-dom-shim-1.6.0.tgz",
            "integrity": "sha512-VHb0ALPMTlgKjM6yIxxoQNnpKyUKLD04VzeQdsiXkMqkvYlAHxq9glGLmgbb889/1GsohSOAjvQYoiBppXFqrQ==",
            "license": "BSD-3-Clause"
        },
        "node_modules/@lit/reactive-element": {
            "version": "2.1.2",
            "resolved": "https://registry.npmjs.org/@lit/reactive-element/-/reactive-element-2.1.2.tgz",
            "integrity": "sha512-pbCDiVMnne1lYUIaYNN5wrwQXDtHaYtg7YEFPeW+hws6U47WeFvISGUWekPGKWOP1ygrs0ef0o1VJMk1exos5A==",
            "license": "BSD-3-Clause",
            "dependencies": {
                "@lit-labs/ssr-dom-shim": "^1.5.0"
            }
        },
        "node_modules/@types/trusted-types": {
            "version": "2.0.7",
            "resolved": "https://registry.npmjs.org/@types/trusted-types/-/trusted-types-2.0.7.tgz",
            "integrity": "sha512-ScaPdn1dQczgbl0QFTeTOmVHFULt394XJgOQNoyVhZ6r2vLnMLJfBPd53SB52T/3G36VI1/g2MZaX0cwDuXsfw==",
            "license": "MIT"
        },
        "node_modules/lit": {
            "version": "3.3.3",
            "resolved": "https://registry.npmjs.org/lit/-/lit-3.3.3.tgz",
            "integrity": "sha512-fycuvZg/hkpozL00lm1pEJH5nN/lr9ZXd6mJI2HSN4+Bzc+LDNdEApJ6HFbPkdFNHLvOplIIuJvxkS4XUxqirw==",
            "license": "BSD-3-Clause",
            "dependencies": {
                "@lit/reactive-element": "^2.1.0",
                "lit-element": "^4.2.0",
                "lit-html": "^3.3.0"
            }
        },
        "node_modules/lit-element": {
            "version": "4.2.2",
            "resolved": "https://registry.npmjs.org/lit-element/-/lit-element-4.2.2.tgz",
            "integrity": "sha512-aFKhNToWxoyhkNDmWZwEva2SlQia+jfG0fjIWV//YeTaWrVnOxD89dPKfigCUspXFmjzOEUQpOkejH5Ly6sG0w==",
            "license": "BSD-3-Clause",
            "dependencies": {
                "@lit-labs/ssr-dom-shim": "^1.5.0",
                "@lit/reactive-element": "^2.1.0",
                "lit-html": "^3.3.0"
            }
        },
        "node_modules/lit-html": {
            "version": "3.3.3",
            "resolved": "https://registry.npmjs.org/lit-html/-/lit-html-3.3.3.tgz",
            "integrity": "sha512-el8M6jK2o3RXBnrSHX3ZKrsN8zEV63pSExTO1wYJz7QndGYZ8353e2a5PPX+qHe2aGayfnchQmkAojaWAREOIA==",
            "license": "BSD-3-Clause",
            "dependencies": {
                "@types/trusted-types": "^2.0.2"
            }
        }
    }
}
