github.com/Motmedel/utils_go v1.7.0 h1:7ErgtQaiafTHwxJZv5zR1B1C6UThV6vM8tJgNZ5vjI0=
github.com/Motmedel/utils_go v1.7.0/go.mod h1:OW6mJSOYgP8XP7NEqsAlfKP5U6OyR6oTI/Z/SZsxmpw=
github.com/altshiftab/gcp_utils v1.1.1 h1:RswxQbMebIGbeVWr6zbvRTSDutoy9d115wAZNhRasYA=
github.com/altshiftab/gcp_utils v1.1.1/go.mod h1:uzIb69P0tm1z/p/snwzkw3kpCjFdA6mkiJgt18HDqGs=
