github.com/Motmedel/utils_go v1.11.2 h1:9rujkCxjz2Kxl3L3DR8QwekHFIYaH8pUEAULrK9ZGYc=
github.com/Motmedel/utils_go v1.11.2/go.mod h1:OW6mJSOYgP8XP7NEqsAlfKP5U6OyR6oTI/Z/SZsxmpw=
github.com/altshiftab/gcp_utils v1.1.1 h1:RswxQbMebIGbeVWr6zbvRTSDutoy9d115wAZNhRasYA=
github.com/altshiftab/gcp_utils v1.1.1/go.mod h1:uzIb69P0tm1z/p/snwzkw3kpCjFdA6mkiJgt18HDqGs=
